
Microsoft Visual Studio Solution File, Format Version 12.00
# Visual Studio Version 16
VisualStudioVersion = 16.0.30907.101
MinimumVisualStudioVersion = 10.0.40219.1
Project("{FAE04EC0-301F-11D3-BF4B-00C04F79EFBC}") = "MailingApi", "MailingApi\MailingApi.csproj", "{2CFA6AB5-2666-46A0-9A27-AA7B276CDD6B}"
EndProject
Global
	GlobalSection(SolutionConfigurationPlatforms) = preSolution
		Debug|Any CPU = Debug|Any CPU
		Release|Any CPU = Release|Any CPU
	EndGlobalSection
	GlobalSection(ProjectConfigurationPlatforms) = postSolution
		{2CFA6AB5-2666-46A0-9A27-AA7B276CDD6B}.Debug|Any CPU.ActiveCfg = Debug|Any CPU
		{2CFA6AB5-2666-46A0-9A27-AA7B276CDD6B}.Debug|Any CPU.Build.0 = Debug|Any CPU
		{2CFA6AB5-2666-46A0-9A27-AA7B276CDD6B}.Release|Any CPU.ActiveCfg = Release|Any CPU
		{2CFA6AB5-2666-46A0-9A27-AA7B276CDD6B}.Release|Any CPU.Build.0 = Release|Any CPU
	EndGlobalSection
	GlobalSection(SolutionProperties) = preSolution
		HideSolutionNode = FALSE
	EndGlobalSection
	GlobalSection(ExtensibilityGlobals) = postSolution
		SolutionGuid = {47CA609B-4F49-4AD1-9B85-C61490D8E6AA}
	EndGlobalSection
EndGlobal
